
Microsoft Visual Studio Solution File, Format Version 12.00
# Visual Studio Version 17
VisualStudioVersion = 17.3.32819.101
MinimumVisualStudioVersion = 10.0.40219.1
Project("{FAE04EC0-301F-11D3-BF4B-00C04F79EFBC}") = "Chapter", "Chapter\Chapter.csproj", "{8336E534-DB72-4A56-B1DA-525CFD6218B2}"
EndProject
Global
	GlobalSection(SolutionConfigurationPlatforms) = preSolution
		Debug|Any CPU = Debug|Any CPU
		Release|Any CPU = Release|Any CPU
	EndGlobalSection
	GlobalSection(ProjectConfigurationPlatforms) = postSolution
		{8336E534-DB72-4A56-B1DA-525CFD6218B2}.Debug|Any CPU.ActiveCfg = Debug|Any CPU
		{8336E534-DB72-4A56-B1DA-525CFD6218B2}.Debug|Any CPU.Build.0 = Debug|Any CPU
		{8336E534-DB72-4A56-B1DA-525CFD6218B2}.Release|Any CPU.ActiveCfg = Release|Any CPU
		{8336E534-DB72-4A56-B1DA-525CFD6218B2}.Release|Any CPU.Build.0 = Release|Any CPU
	EndGlobalSection
	GlobalSection(SolutionProperties) = preSolution
		HideSolutionNode = FALSE
	EndGlobalSection
	GlobalSection(ExtensibilityGlobals) = postSolution
		SolutionGuid = {BA4E26BD-AF44-4409-AE3A-94393D7281AE}
	EndGlobalSection
EndGlobal
